
Microsoft Visual Studio Solution File, Format Version 12.00
# Visual Studio Version 17
VisualStudioVersion = 17.0.31912.275
MinimumVisualStudioVersion = 10.0.40219.1
Project("{FAE04EC0-301F-11D3-BF4B-00C04F79EFBC}") = "cuponesCharli.Back", "cuponesCharli.Back\cuponesCharli.Back.csproj", "{200FF50B-DBA6-411A-8EC9-8B210CA8276B}"
EndProject
Project("{FAE04EC0-301F-11D3-BF4B-00C04F79EFBC}") = "CuponesCharli.Front", "CuponesCharli.Front\CuponesCharli.Front.csproj", "{6B8C0A41-E99C-428A-8505-CD4651344EFD}"
EndProject
Global
	GlobalSection(SolutionConfigurationPlatforms) = preSolution
		Debug|Any CPU = Debug|Any CPU
		Release|Any CPU = Release|Any CPU
	EndGlobalSection
	GlobalSection(ProjectConfigurationPlatforms) = postSolution
		{200FF50B-DBA6-411A-8EC9-8B210CA8276B}.Debug|Any CPU.ActiveCfg = Debug|Any CPU
		{200FF50B-DBA6-411A-8EC9-8B210CA8276B}.Debug|Any CPU.Build.0 = Debug|Any CPU
		{200FF50B-DBA6-411A-8EC9-8B210CA8276B}.Release|Any CPU.ActiveCfg = Release|Any CPU
		{200FF50B-DBA6-411A-8EC9-8B210CA8276B}.Release|Any CPU.Build.0 = Release|Any CPU
		{6B8C0A41-E99C-428A-8505-CD4651344EFD}.Debug|Any CPU.ActiveCfg = Debug|Any CPU
		{6B8C0A41-E99C-428A-8505-CD4651344EFD}.Debug|Any CPU.Build.0 = Debug|Any CPU
		{6B8C0A41-E99C-428A-8505-CD4651344EFD}.Release|Any CPU.ActiveCfg = Release|Any CPU
		{6B8C0A41-E99C-428A-8505-CD4651344EFD}.Release|Any CPU.Build.0 = Release|Any CPU
	EndGlobalSection
	GlobalSection(SolutionProperties) = preSolution
		HideSolutionNode = FALSE
	EndGlobalSection
	GlobalSection(ExtensibilityGlobals) = postSolution
		SolutionGuid = {5653ED53-CDEF-490E-B384-15DDFD841E33}
	EndGlobalSection
EndGlobal
